
Microsoft Visual Studio Solution File, Format Version 12.00
# Visual Studio Version 17
VisualStudioVersion = 17.0.31903.59
MinimumVisualStudioVersion = 10.0.40219.1
Project("{FAE04EC0-301F-11D3-BF4B-00C04F79EFBC}") = "LibraryApp", "LibraryApp\LibraryApp.csproj", "{5E494CF9-C2EA-4791-8092-036C3C38CC5F}"
EndProject
Project("{FAE04EC0-301F-11D3-BF4B-00C04F79EFBC}") = "LibraryApp.Tests", "LibraryApp.Tests\LibraryApp.Tests.csproj", "{355D370B-FED6-4D13-B3FF-52AEFAFC3DFD}"
EndProject
Global
	GlobalSection(SolutionConfigurationPlatforms) = preSolution
		Debug|Any CPU = Debug|Any CPU
		Debug|x64 = Debug|x64
		Debug|x86 = Debug|x86
		Release|Any CPU = Release|Any CPU
		Release|x64 = Release|x64
		Release|x86 = Release|x86
	EndGlobalSection
	GlobalSection(ProjectConfigurationPlatforms) = postSolution
		{5E494CF9-C2EA-4791-8092-036C3C38CC5F}.Debug|Any CPU.ActiveCfg = Debug|Any CPU
		{5E494CF9-C2EA-4791-8092-036C3C38CC5F}.Debug|Any CPU.Build.0 = Debug|Any CPU
		{5E494CF9-C2EA-4791-8092-036C3C38CC5F}.Debug|x64.ActiveCfg = Debug|Any CPU
		{5E494CF9-C2EA-4791-8092-036C3C38CC5F}.Debug|x64.Build.0 = Debug|Any CPU
		{5E494CF9-C2EA-4791-8092-036C3C38CC5F}.Debug|x86.ActiveCfg = Debug|Any CPU
		{5E494CF9-C2EA-4791-8092-036C3C38CC5F}.Debug|x86.Build.0 = Debug|Any CPU
		{5E494CF9-C2EA-4791-8092-036C3C38CC5F}.Release|Any CPU.ActiveCfg = Release|Any CPU
		{5E494CF9-C2EA-4791-8092-036C3C38CC5F}.Release|Any CPU.Build.0 = Release|Any CPU
		{5E494CF9-C2EA-4791-8092-036C3C38CC5F}.Release|x64.ActiveCfg = Release|Any CPU
		{5E494CF9-C2EA-4791-8092-036C3C38CC5F}.Release|x64.Build.0 = Release|Any CPU
		{5E494CF9-C2EA-4791-8092-036C3C38CC5F}.Release|x86.ActiveCfg = Release|Any CPU
		{5E494CF9-C2EA-4791-8092-036C3C38CC5F}.Release|x86.Build.0 = Release|Any CPU
		{355D370B-FED6-4D13-B3FF-52AEFAFC3DFD}.Debug|Any CPU.ActiveCfg = Debug|Any CPU
		{355D370B-FED6-4D13-B3FF-52AEFAFC3DFD}.Debug|Any CPU.Build.0 = Debug|Any CPU
		{355D370B-FED6-4D13-B3FF-52AEFAFC3DFD}.Debug|x64.ActiveCfg = Debug|Any CPU
		{355D370B-FED6-4D13-B3FF-52AEFAFC3DFD}.Debug|x64.Build.0 = Debug|Any CPU
		{355D370B-FED6-4D13-B3FF-52AEFAFC3DFD}.Debug|x86.ActiveCfg = Debug|Any CPU
		{355D370B-FED6-4D13-B3FF-52AEFAFC3DFD}.Debug|x86.Build.0 = Debug|Any CPU
		{355D370B-FED6-4D13-B3FF-52AEFAFC3DFD}.Release|Any CPU.ActiveCfg = Release|Any CPU
		{355D370B-FED6-4D13-B3FF-52AEFAFC3DFD}.Release|Any CPU.Build.0 = Release|Any CPU
		{355D370B-FED6-4D13-B3FF-52AEFAFC3DFD}.Release|x64.ActiveCfg = Release|Any CPU
		{355D370B-FED6-4D13-B3FF-52AEFAFC3DFD}.Release|x64.Build.0 = Release|Any CPU
		{355D370B-FED6-4D13-B3FF-52AEFAFC3DFD}.Release|x86.ActiveCfg = Release|Any CPU
		{355D370B-FED6-4D13-B3FF-52AEFAFC3DFD}.Release|x86.Build.0 = Release|Any CPU
	EndGlobalSection
	GlobalSection(SolutionProperties) = preSolution
		HideSolutionNode = FALSE
	EndGlobalSection
EndGlobal
